
Microsoft Visual Studio Solution File, Format Version 12.00
# Visual Studio Version 17
VisualStudioVersion = 17.1.32319.34
MinimumVisualStudioVersion = 10.0.40219.1
Project("{FAE04EC0-301F-11D3-BF4B-00C04F79EFBC}") = "lol", "lol\lol.csproj", "{199FE4C5-27FF-446B-B0F2-F519B514081E}"
EndProject
Global
	GlobalSection(SolutionConfigurationPlatforms) = preSolution
		Debug|Any CPU = Debug|Any CPU
		Release|Any CPU = Release|Any CPU
	EndGlobalSection
	GlobalSection(ProjectConfigurationPlatforms) = postSolution
		{199FE4C5-27FF-446B-B0F2-F519B514081E}.Debug|Any CPU.ActiveCfg = Debug|Any CPU
		{199FE4C5-27FF-446B-B0F2-F519B514081E}.Debug|Any CPU.Build.0 = Debug|Any CPU
		{199FE4C5-27FF-446B-B0F2-F519B514081E}.Release|Any CPU.ActiveCfg = Release|Any CPU
		{199FE4C5-27FF-446B-B0F2-F519B514081E}.Release|Any CPU.Build.0 = Release|Any CPU
	EndGlobalSection
	GlobalSection(SolutionProperties) = preSolution
		HideSolutionNode = FALSE
	EndGlobalSection
	GlobalSection(ExtensibilityGlobals) = postSolution
		SolutionGuid = {11F5ED26-881E-4D17-B534-75046BD24809}
	EndGlobalSection
EndGlobal
